{
  "nodes": {
    "agent-skills-nix": {
      "inputs": {
        "home-manager": "home-manager",
        "nixpkgs": [
          "nixpkgs"
        ]
      },
      "locked": {
        "lastModified": 1783839654,
        "narHash": "sha256-rn5DkeQ9PBaJTZl9juBtPnVawyN4B83tyz1VpiinQFo=",
        "owner": "Kyure-A",
        "repo": "agent-skills-nix",
        "rev": "8326df98cf494dc515db99affa9ea9d2bd6666b6",
        "type": "github"
      },
      "original": {
        "owner": "Kyure-A",
        "repo": "agent-skills-nix",
        "type": "github"
      }
    },
    "flake-parts": {
      "inputs": {
        "nixpkgs-lib": "nixpkgs-lib"
      },
      "locked": {
        "lastModified": 1782949081,
        "narHash": "sha256-vp6Y/Grm98ESt6ceOkWiHWyZRDV3J1RID4w+6NWK9yA=",
        "owner": "hercules-ci",
        "repo": "flake-parts",
        "rev": "17c9d6cdfc60c64f4ee8d306f9bc0b4ccb51481e",
        "type": "github"
      },
      "original": {
        "owner": "hercules-ci",
        "repo": "flake-parts",
        "type": "github"
      }
    },
    "home-manager": {
      "inputs": {
        "nixpkgs": [
          "agent-skills-nix",
          "nixpkgs"
        ]
      },
      "locked": {
        "lastModified": 1783222121,
        "narHash": "sha256-E/ElL373TO8lQ2aMvYyzN+k4xkVaUGoRqoa8AtM71tI=",
        "owner": "nix-community",
        "repo": "home-manager",
        "rev": "a1645f40777620c4bd2b6d854b290c2fc354a266",
        "type": "github"
      },
      "original": {
        "owner": "nix-community",
        "repo": "home-manager",
        "type": "github"
      }
    },
    "nixpkgs": {
      "locked": {
        "lastModified": 1784555310,
        "narHash": "sha256-/FCliTPgiuV1owejZFNx3Ch9irdvkOfOFl+HHZ+DrtM=",
        "owner": "nixos",
        "repo": "nixpkgs",
        "rev": "421eebfd0ec7bccd4abe826ce62d7e6e83129493",
        "type": "github"
      },
      "original": {
        "owner": "nixos",
        "ref": "nixpkgs-unstable",
        "repo": "nixpkgs",
        "type": "github"
      }
    },
    "nixpkgs-lib": {
      "locked": {
        "lastModified": 1782614948,
        "narHash": "sha256-ePjCwr1sNm9NYUqywL7QfK3JnlS015msC+eBu2zKlp8=",
        "owner": "nix-community",
        "repo": "nixpkgs.lib",
        "rev": "db3f255737b94216eb71cce308e2912cf6bc2d7c",
        "type": "github"
      },
      "original": {
        "owner": "nix-community",
        "repo": "nixpkgs.lib",
        "type": "github"
      }
    },
    "react-router": {
      "flake": false,
      "locked": {
        "lastModified": 1784733279,
        "narHash": "sha256-32HZMU/OPaexooL8bCYUW2c7NnhecsreqsY1xunYYSM=",
        "owner": "remix-run",
        "repo": "react-router",
        "rev": "8bc59bc7b027d5f2aba15a6dd72f44e757dbd8f9",
        "type": "github"
      },
      "original": {
        "owner": "remix-run",
        "repo": "react-router",
        "type": "github"
      }
    },
    "root": {
      "inputs": {
        "agent-skills-nix": "agent-skills-nix",
        "flake-parts": "flake-parts",
        "nixpkgs": "nixpkgs",
        "react-router": "react-router"
      }
    }
  },
  "root": "root",
  "version": 7
}
